
Microsoft Visual Studio Solution File, Format Version 12.00
# Visual Studio Version 16
VisualStudioVersion = 16.0.29503.13
MinimumVisualStudioVersion = 10.0.40219.1
Project("{FAE04EC0-301F-11D3-BF4B-00C04F79EFBC}") = "HomeWork1-2", "HomeWork2\HomeWork1-2.csproj", "{279AAB2E-15F5-4E22-8243-3FF1D2D86926}"
EndProject
Global
	GlobalSection(SolutionConfigurationPlatforms) = preSolution
		Debug|Any CPU = Debug|Any CPU
		Release|Any CPU = Release|Any CPU
	EndGlobalSection
	GlobalSection(ProjectConfigurationPlatforms) = postSolution
		{279AAB2E-15F5-4E22-8243-3FF1D2D86926}.Debug|Any CPU.ActiveCfg = Debug|Any CPU
		{279AAB2E-15F5-4E22-8243-3FF1D2D86926}.Debug|Any CPU.Build.0 = Debug|Any CPU
		{279AAB2E-15F5-4E22-8243-3FF1D2D86926}.Release|Any CPU.ActiveCfg = Release|Any CPU
		{279AAB2E-15F5-4E22-8243-3FF1D2D86926}.Release|Any CPU.Build.0 = Release|Any CPU
	EndGlobalSection
	GlobalSection(SolutionProperties) = preSolution
		HideSolutionNode = FALSE
	EndGlobalSection
	GlobalSection(ExtensibilityGlobals) = postSolution
		SolutionGuid = {27D91776-843F-46FE-9F63-D693011FD42C}
	EndGlobalSection
EndGlobal
